// !$*UTF8*$!
{
	archiveVersion = 1;
	classes = {
	};
	objectVersion = 46;
	objects = {

/* Begin PBXBuildFile section */
		4966284F1CA60AE500D87C11 /* AppDelegate.swift in Sources */ = {isa = PBXBuildFile; fileRef = 4966284E1CA60AE500D87C11 /* AppDelegate.swift */; };
		496628511CA60AE500D87C11 /* ViewController.swift in Sources */ = {isa = PBXBuildFile; fileRef = 496628501CA60AE500D87C11 /* ViewController.swift */; };
		496628541CA60AE500D87C11 /* Main.storyboard in Resources */ = {isa = PBXBuildFile; fileRef = 496628521CA60AE500D87C11 /* Main.storyboard */; };
		496628561CA60AE500D87C11 /* Assets.xcassets in Resources */ = {isa = PBXBuildFile; fileRef = 496628551CA60AE500D87C11 /* Assets.xcassets */; };
		496628591CA60AE500D87C11 /* LaunchScreen.storyboard in Resources */ = {isa = PBXBuildFile; fileRef = 496628571CA60AE500D87C11 /* LaunchScreen.storyboard */; };
		496628611CA60BFE00D87C11 /* Datos.swift in Sources */ = {isa = PBXBuildFile; fileRef = 496628601CA60BFE00D87C11 /* Datos.swift */; };
/* End PBXBuildFile section */

/* Begin PBXFileReference section */
		4966284B1CA60AE500D87C11 /* Hamburguesas.app */ = {isa = PBXFileReference; explicitFileType = wrapper.application; includeInIndex = 0; path = Hamburguesas.app; sourceTree = BUILT_PRODUCTS_DIR; };
		4966284E1CA60AE500D87C11 /* AppDelegate.swift */ = {isa = PBXFileReference; lastKnownFileType = sourcecode.swift; path = AppDelegate.swift; sourceTree = "<group>"; };
		496628501CA60AE500D87C11 /* ViewController.swift */ = {isa = PBXFileReference; lastKnownFileType = sourcecode.swift; path = ViewController.swift; sourceTree = "<group>"; };
		496628531CA60AE500D87C11 /* Base */ = {isa = PBXFileReference; lastKnownFileType = file.storyboard; name = Base; path = Base.lproj/Main.storyboard; sourceTree = "<group>"; };
		496628551CA60AE500D87C11 /* Assets.xcassets */ = {isa = PBXFileReference; lastKnownFileType = folder.assetcatalog; path = Assets.xcassets; sourceTree = "<group>"; };
		496628581CA60AE500D87C11 /* Base */ = {isa = PBXFileReference; lastKnownFileType = file.storyboard; name = Base; path = Base.lproj/LaunchScreen.storyboard; sourceTree = "<group>"; };
		4966285A1CA60AE500D87C11 /* Info.plist */ = {isa = PBXFileReference; lastKnownFileType = text.plist.xml; path = Info.plist; sourceTree = "<group>"; };
		496628601CA60BFE00D87C11 /* Datos.swift */ = {isa = PBXFileReference; fileEncoding = 4; lastKnownFileType = sourcecode.swift; path = Datos.swift; sourceTree = "<group>"; };
/* End PBXFileReference section */

/* Begin PBXFrameworksBuildPhase section */
		496628481CA60AE500D87C11 /* Frameworks */ = {
			isa = PBXFrameworksBuildPhase;
			buildActionMask = 2147483647;
			files = (
			);
			runOnlyForDeploymentPostprocessing = 0;
		};
/* End PBXFrameworksBuildPhase section */

/* Begin PBXGroup section */
		496628421CA60AE500D87C11 = {
			isa = PBXGroup;
			children = (
				4966284D1CA60AE500D87C11 /* Hamburguesas */,
				4966284C1CA60AE500D87C11 /* Products */,
			);
			sourceTree = "<group>";
		};
		4966284C1CA60AE500D87C11 /* Products */ = {
			isa = PBXGroup;
			children = (
				4966284B1CA60AE500D87C11 /* Hamburguesas.app */,
			);
			name = Products;
			sourceTree = "<group>";
		};
		4966284D1CA60AE500D87C11 /* Hamburguesas */ = {
			isa = PBXGroup;
			children = (
				4966284E1CA60AE500D87C11 /* AppDelegate.swift */,
				496628501CA60AE500D87C11 /* ViewController.swift */,
				496628521CA60AE500D87C11 /* Main.storyboard */,
				496628551CA60AE500D87C11 /* Assets.xcassets */,
				496628571CA60AE500D87C11 /* LaunchScreen.storyboard */,
				4966285A1CA60AE500D87C11 /* Info.plist */,
				496628601CA60BFE00D87C11 /* Datos.swift */,
			);
			path = Hamburguesas;
			sourceTree = "<group>";
		};
/* End PBXGroup section */

/* Begin PBXNativeTarget section */
		4966284A1CA60AE500D87C11 /* Hamburguesas */ = {
			isa = PBXNativeTarget;
			buildConfigurationList = 4966285D1CA60AE500D87C11 /* Build configuration list for PBXNativeTarget "Hamburguesas" */;
			buildPhases = (
				496628471CA60AE500D87C11 /* Sources */,
				496628481CA60AE500D87C11 /* Frameworks */,
				496628491CA60AE500D87C11 /* Resources */,
			);
			buildRules = (
			);
			dependencies = (
			);
			name = Hamburguesas;
			productName = Hamburguesas;
			productReference = 4966284B1CA60AE500D87C11 /* Hamburguesas.app */;
			productType = "com.apple.product-type.application";
		};
/* End PBXNativeTarget section */

/* Begin PBXProject section */
		496628431CA60AE500D87C11 /* Project object */ = {
			isa = PBXProject;
			attributes = {
				LastSwiftUpdateCheck = 0730;
				LastUpgradeCheck = 0730;
				ORGANIZATIONNAME = MIGUEL;
				TargetAttributes = {
					4966284A1CA60AE500D87C11 = {
						CreatedOnToolsVersion = 7.3;
					};
				};
			};
			buildConfigurationList = 496628461CA60AE500D87C11 /* Build configuration list for PBXProject "Hamburguesas" */;
			compatibilityVersion = "Xcode 3.2";
			developmentRegion = English;
			hasScannedForEncodings = 0;
			knownRegions = (
				en,
				Base,
			);
			mainGroup = 496628421CA60AE500D87C11;
			productRefGroup = 4966284C1CA60AE500D87C11 /* Products */;
			projectDirPath = "";
			projectRoot = "";
			targets = (
				4966284A1CA60AE500D87C11 /* Hamburguesas */,
			);
		};
/* End PBXProject section */

/* Begin PBXResourcesBuildPhase section */
		496628491CA60AE500D87C11 /* Resources */ = {
			isa = PBXResourcesBuildPhase;
			buildActionMask = 2147483647;
			files = (
				496628591CA60AE500D87C11 /* LaunchScreen.storyboard in Resources */,
				496628561CA60AE500D87C11 /* Assets.xcassets in Resources */,
				496628541CA60AE500D87C11 /* Main.storyboard in Resources */,
			);
			runOnlyForDeploymentPostprocessing = 0;
		};
/* End PBXResourcesBuildPhase section */

/* Begin PBXSourcesBuildPhase section */
		496628471CA60AE500D87C11 /* Sources */ = {
			isa = PBXSourcesBuildPhase;
			buildActionMask = 2147483647;
			files = (
				496628511CA60AE500D87C11 /* ViewController.swift in Sources */,
				4966284F1CA60AE500D87C11 /* AppDelegate.swift in Sources */,
				496628611CA60BFE00D87C11 /* Datos.swift in Sources */,
			);
			runOnlyForDeploymentPostprocessing = 0;
		};
/* End PBXSourcesBuildPhase section */

/* Begin PBXVariantGroup section */
		496628521CA60AE500D87C11 /* Main.storyboard */ = {
			isa = PBXVariantGroup;
			children = (
				496628531CA60AE500D87C11 /* Base */,
			);
			name = Main.storyboard;
			sourceTree = "<group>";
		};
		496628571CA60AE500D87C11 /* LaunchScreen.storyboard */ = {
			isa = PBXVariantGroup;
			children = (
				496628581CA60AE500D87C11 /* Base */,
			);
			name = LaunchScreen.storyboard;
			sourceTree = "<group>";
		};
/* End PBXVariantGroup section */

/* Begin XCBuildConfiguration section */
		4966285B1CA60AE500D87C11 /* Debug */ = {
			isa = XCBuildConfiguration;
			buildSettings = {
				ALWAYS_SEARCH_USER_PATHS = NO;
				CLANG_ANALYZER_NONNULL = YES;
				CLANG_CXX_LANGUAGE_STANDARD = "gnu++0x";
				CLANG_CXX_LIBRARY = "libc++";
				CLANG_ENABLE_MODULES = YES;
				CLANG_ENABLE_OBJC_ARC = YES;
				CLANG_WARN_BOOL_CONVERSION = YES;
				CLANG_WARN_CONSTANT_CONVERSION = YES;
				CLANG_WARN_DIRECT_OBJC_ISA_USAGE = YES_ERROR;
				CLANG_WARN_EMPTY_BODY = YES;
				CLANG_WARN_ENUM_CONVERSION = YES;
				CLANG_WARN_INT_CONVERSION = YES;
				CLANG_WARN_OBJC_ROOT_CLASS = YES_ERROR;
				CLANG_WARN_UNREACHABLE_CODE = YES;
				CLANG_WARN__DUPLICATE_METHOD_MATCH = YES;
				"CODE_SIGN_IDENTITY[sdk=iphoneos*]" = "iPhone Developer";
				COPY_PHASE_STRIP = NO;
				DEBUG_INFORMATION_FORMAT = dwarf;
				ENABLE_STRICT_OBJC_MSGSEND = YES;
				ENABLE_TESTABILITY = YES;
				GCC_C_LANGUAGE_STANDARD = gnu99;
				GCC_DYNAMIC_NO_PIC = NO;
				GCC_NO_COMMON_BLOCKS = YES;
				GCC_OPTIMIZATION_LEVEL = 0;
				GCC_PREPROCESSOR_DEFINITIONS = (
					"DEBUG=1",
					"$(inherited)",
				);
				GCC_WARN_64_TO_32_BIT_CONVERSION = YES;
				GCC_WARN_ABOUT_RETURN_TYPE = YES_ERROR;
				GCC_WARN_UNDECLARED_SELECTOR = YES;
				GCC_WARN_UNINITIALIZED_AUTOS = YES_AGGRESSIVE;
				GCC_WARN_UNUSED_FUNCTION = YES;
				GCC_WARN_UNUSED_VARIABLE = YES;
				IPHONEOS_DEPLOYMENT_TARGET = 9.3;
				MTL_ENABLE_DEBUG_INFO = YES;
				ONLY_ACTIVE_ARCH = YES;
				SDKROOT = iphoneos;
				SWIFT_OPTIMIZATION_LEVEL = "-Onone";
			};
			name = Debug;
		};
		4966285C1CA60AE500D87C11 /* Release */ = {
			isa = XCBuildConfiguration;
			buildSettings = {
				ALWAYS_SEARCH_USER_PATHS = NO;
				CLANG_ANALYZER_NONNULL = YES;
				CLANG_CXX_LANGUAGE_STANDARD = "gnu++0x";
				CLANG_CXX_LIBRARY = "libc++";
				CLANG_ENABLE_MODULES = YES;
				CLANG_ENABLE_OBJC_ARC = YES;
				CLANG_WARN_BOOL_CONVERSION = YES;
				CLANG_WARN_CONSTANT_CONVERSION = YES;
				CLANG_WARN_DIRECT_OBJC_ISA_USAGE = YES_ERROR;
				CLANG_WARN_EMPTY_BODY = YES;
				CLANG_WARN_ENUM_CONVERSION = YES;
				CLANG_WARN_INT_CONVERSION = YES;
				CLANG_WARN_OBJC_ROOT_CLASS = YES_ERROR;
				CLANG_WARN_UNREACHABLE_CODE = YES;
				CLANG_WARN__DUPLICATE_METHOD_MATCH = YES;
				"CODE_SIGN_IDENTITY[sdk=iphoneos*]" = "iPhone Developer";
				COPY_PHASE_STRIP = NO;
				DEBUG_INFORMATION_FORMAT = "dwarf-with-dsym";
				ENABLE_NS_ASSERTIONS = NO;
				ENABLE_STRICT_OBJC_MSGSEND = YES;
				GCC_C_LANGUAGE_STANDARD = gnu99;
				GCC_NO_COMMON_BLOCKS = YES;
				GCC_WARN_64_TO_32_BIT_CONVERSION = YES;
				GCC_WARN_ABOUT_RETURN_TYPE = YES_ERROR;
				GCC_WARN_UNDECLARED_SELECTOR = YES;
				GCC_WARN_UNINITIALIZED_AUTOS = YES_AGGRESSIVE;
				GCC_WARN_UNUSED_FUNCTION = YES;
				GCC_WARN_UNUSED_VARIABLE = YES;
				IPHONEOS_DEPLOYMENT_TARGET = 9.3;
				MTL_ENABLE_DEBUG_INFO = NO;
				SDKROOT = iphoneos;
				VALIDATE_PRODUCT = YES;
			};
			name = Release;
		};
		4966285E1CA60AE500D87C11 /* Debug */ = {
			isa = XCBuildConfiguration;
			buildSettings = {
				ASSETCATALOG_COMPILER_APPICON_NAME = AppIcon;
				INFOPLIST_FILE = Hamburguesas/Info.plist;
				LD_RUNPATH_SEARCH_PATHS = "$(inherited) @executable_path/Frameworks";
				PRODUCT_BUNDLE_IDENTIFIER = com.Hamburguesas;
				PRODUCT_NAME = "$(TARGET_NAME)";
			};
			name = Debug;
		};
		4966285F1CA60AE500D87C11 /* Release */ = {
			isa = XCBuildConfiguration;
			buildSettings = {
				ASSETCATALOG_COMPILER_APPICON_NAME = AppIcon;
				INFOPLIST_FILE = Hamburguesas/Info.plist;
				LD_RUNPATH_SEARCH_PATHS = "$(inherited) @executable_path/Frameworks";
				PRODUCT_BUNDLE_IDENTIFIER = com.Hamburguesas;
				PRODUCT_NAME = "$(TARGET_NAME)";
			};
			name = Release;
		};
/* End XCBuildConfiguration section */

/* Begin XCConfigurationList section */
		496628461CA60AE500D87C11 /* Build configuration list for PBXProject "Hamburguesas" */ = {
			isa = XCConfigurationList;
			buildConfigurations = (
				4966285B1CA60AE500D87C11 /* Debug */,
				4966285C1CA60AE500D87C11 /* Release */,
			);
			defaultConfigurationIsVisible = 0;
			defaultConfigurationName = Release;
		};
		4966285D1CA60AE500D87C11 /* Build configuration list for PBXNativeTarget "Hamburguesas" */ = {
			isa = XCConfigurationList;
			buildConfigurations = (
				4966285E1CA60AE500D87C11 /* Debug */,
				4966285F1CA60AE500D87C11 /* Release */,
			);
			defaultConfigurationIsVisible = 0;
		};
/* End XCConfigurationList section */
	};
	rootObject = 496628431CA60AE500D87C11 /* Project object */;
}
